// !$*UTF8*$!
{
	archiveVersion = 1;
	classes = {
	};
	objectVersion = 55;
	objects = {

/* Begin PBXBuildFile section */
		0305CC24273FE52C00890608 /* ReminderDetailEditDataSource.swift in Sources */ = {isa = PBXBuildFile; fileRef = 0305CC23273FE52C00890608 /* ReminderDetailEditDataSource.swift */; };
		036D16B5273EA8E200534AE8 /* ReminderDetailViewController.swift in Sources */ = {isa = PBXBuildFile; fileRef = 036D16B4273EA8E200534AE8 /* ReminderDetailViewController.swift */; };
		036D16B7273ED02D00534AE8 /* ReminderListDataSource.swift in Sources */ = {isa = PBXBuildFile; fileRef = 036D16B6273ED02D00534AE8 /* ReminderListDataSource.swift */; };
		036D16B9273ED20500534AE8 /* ReminderDetailViewDataSource.swift in Sources */ = {isa = PBXBuildFile; fileRef = 036D16B8273ED20500534AE8 /* ReminderDetailViewDataSource.swift */; };
		036D16BC273FDEC000534AE8 /* EditTitleCell.swift in Sources */ = {isa = PBXBuildFile; fileRef = 036D16BB273FDEC000534AE8 /* EditTitleCell.swift */; };
		036D16BE273FDFDD00534AE8 /* EditDateCell.swift in Sources */ = {isa = PBXBuildFile; fileRef = 036D16BD273FDFDD00534AE8 /* EditDateCell.swift */; };
		036D16C0273FE01C00534AE8 /* EditNotesCell.swift in Sources */ = {isa = PBXBuildFile; fileRef = 036D16BF273FE01C00534AE8 /* EditNotesCell.swift */; };
		03781529273E8A0400E6EDB9 /* AppDelegate.swift in Sources */ = {isa = PBXBuildFile; fileRef = 03781528273E8A0400E6EDB9 /* AppDelegate.swift */; };
		0378152B273E8A0400E6EDB9 /* SceneDelegate.swift in Sources */ = {isa = PBXBuildFile; fileRef = 0378152A273E8A0400E6EDB9 /* SceneDelegate.swift */; };
		0378152D273E8A0400E6EDB9 /* ReminderListViewController.swift in Sources */ = {isa = PBXBuildFile; fileRef = 0378152C273E8A0400E6EDB9 /* ReminderListViewController.swift */; };
		03781530273E8A0400E6EDB9 /* Main.storyboard in Resources */ = {isa = PBXBuildFile; fileRef = 0378152E273E8A0400E6EDB9 /* Main.storyboard */; };
		03781532273E8A0600E6EDB9 /* Assets.xcassets in Resources */ = {isa = PBXBuildFile; fileRef = 03781531273E8A0600E6EDB9 /* Assets.xcassets */; };
		03781535273E8A0600E6EDB9 /* LaunchScreen.storyboard in Resources */ = {isa = PBXBuildFile; fileRef = 03781533273E8A0600E6EDB9 /* LaunchScreen.storyboard */; };
		0378153D273E8B7600E6EDB9 /* Reminder.swift in Sources */ = {isa = PBXBuildFile; fileRef = 0378153C273E8B7600E6EDB9 /* Reminder.swift */; };
		0378153F273E971100E6EDB9 /* ReminderListCell.swift in Sources */ = {isa = PBXBuildFile; fileRef = 0378153E273E971100E6EDB9 /* ReminderListCell.swift */; };
/* End PBXBuildFile section */

/* Begin PBXFileReference section */
		0305CC23273FE52C00890608 /* ReminderDetailEditDataSource.swift */ = {isa = PBXFileReference; lastKnownFileType = sourcecode.swift; path = ReminderDetailEditDataSource.swift; sourceTree = "<group>"; };
		036D16B4273EA8E200534AE8 /* ReminderDetailViewController.swift */ = {isa = PBXFileReference; lastKnownFileType = sourcecode.swift; path = ReminderDetailViewController.swift; sourceTree = "<group>"; };
		036D16B6273ED02D00534AE8 /* ReminderListDataSource.swift */ = {isa = PBXFileReference; lastKnownFileType = sourcecode.swift; path = ReminderListDataSource.swift; sourceTree = "<group>"; };
		036D16B8273ED20500534AE8 /* ReminderDetailViewDataSource.swift */ = {isa = PBXFileReference; lastKnownFileType = sourcecode.swift; path = ReminderDetailViewDataSource.swift; sourceTree = "<group>"; };
		036D16BB273FDEC000534AE8 /* EditTitleCell.swift */ = {isa = PBXFileReference; lastKnownFileType = sourcecode.swift; path = EditTitleCell.swift; sourceTree = "<group>"; };
		036D16BD273FDFDD00534AE8 /* EditDateCell.swift */ = {isa = PBXFileReference; lastKnownFileType = sourcecode.swift; path = EditDateCell.swift; sourceTree = "<group>"; };
		036D16BF273FE01C00534AE8 /* EditNotesCell.swift */ = {isa = PBXFileReference; lastKnownFileType = sourcecode.swift; path = EditNotesCell.swift; sourceTree = "<group>"; };
		03781525273E8A0400E6EDB9 /* Today.app */ = {isa = PBXFileReference; explicitFileType = wrapper.application; includeInIndex = 0; path = Today.app; sourceTree = BUILT_PRODUCTS_DIR; };
		03781528273E8A0400E6EDB9 /* AppDelegate.swift */ = {isa = PBXFileReference; lastKnownFileType = sourcecode.swift; path = AppDelegate.swift; sourceTree = "<group>"; };
		0378152A273E8A0400E6EDB9 /* SceneDelegate.swift */ = {isa = PBXFileReference; lastKnownFileType = sourcecode.swift; path = SceneDelegate.swift; sourceTree = "<group>"; };
		0378152C273E8A0400E6EDB9 /* ReminderListViewController.swift */ = {isa = PBXFileReference; lastKnownFileType = sourcecode.swift; path = ReminderListViewController.swift; sourceTree = "<group>"; };
		0378152F273E8A0400E6EDB9 /* Base */ = {isa = PBXFileReference; lastKnownFileType = file.storyboard; name = Base; path = Base.lproj/Main.storyboard; sourceTree = "<group>"; };
		03781531273E8A0600E6EDB9 /* Assets.xcassets */ = {isa = PBXFileReference; lastKnownFileType = folder.assetcatalog; path = Assets.xcassets; sourceTree = "<group>"; };
		03781534273E8A0600E6EDB9 /* Base */ = {isa = PBXFileReference; lastKnownFileType = file.storyboard; name = Base; path = Base.lproj/LaunchScreen.storyboard; sourceTree = "<group>"; };
		03781536273E8A0600E6EDB9 /* Info.plist */ = {isa = PBXFileReference; lastKnownFileType = text.plist.xml; path = Info.plist; sourceTree = "<group>"; };
		0378153C273E8B7600E6EDB9 /* Reminder.swift */ = {isa = PBXFileReference; lastKnownFileType = sourcecode.swift; path = Reminder.swift; sourceTree = "<group>"; };
		0378153E273E971100E6EDB9 /* ReminderListCell.swift */ = {isa = PBXFileReference; lastKnownFileType = sourcecode.swift; path = ReminderListCell.swift; sourceTree = "<group>"; };
/* End PBXFileReference section */

/* Begin PBXFrameworksBuildPhase section */
		03781522273E8A0400E6EDB9 /* Frameworks */ = {
			isa = PBXFrameworksBuildPhase;
			buildActionMask = 2147483647;
			files = (
			);
			runOnlyForDeploymentPostprocessing = 0;
		};
/* End PBXFrameworksBuildPhase section */

/* Begin PBXGroup section */
		036D16BA273FDE7F00534AE8 /* Views */ = {
			isa = PBXGroup;
			children = (
				0378153E273E971100E6EDB9 /* ReminderListCell.swift */,
				036D16BB273FDEC000534AE8 /* EditTitleCell.swift */,
				036D16BD273FDFDD00534AE8 /* EditDateCell.swift */,
				036D16BF273FE01C00534AE8 /* EditNotesCell.swift */,
			);
			path = Views;
			sourceTree = "<group>";
		};
		0378151C273E8A0400E6EDB9 = {
			isa = PBXGroup;
			children = (
				03781527273E8A0400E6EDB9 /* Today */,
				03781526273E8A0400E6EDB9 /* Products */,
			);
			sourceTree = "<group>";
		};
		03781526273E8A0400E6EDB9 /* Products */ = {
			isa = PBXGroup;
			children = (
				03781525273E8A0400E6EDB9 /* Today.app */,
			);
			name = Products;
			sourceTree = "<group>";
		};
		03781527273E8A0400E6EDB9 /* Today */ = {
			isa = PBXGroup;
			children = (
				036D16BA273FDE7F00534AE8 /* Views */,
				03781528273E8A0400E6EDB9 /* AppDelegate.swift */,
				0378152A273E8A0400E6EDB9 /* SceneDelegate.swift */,
				0378152C273E8A0400E6EDB9 /* ReminderListViewController.swift */,
				0378152E273E8A0400E6EDB9 /* Main.storyboard */,
				03781531273E8A0600E6EDB9 /* Assets.xcassets */,
				03781533273E8A0600E6EDB9 /* LaunchScreen.storyboard */,
				03781536273E8A0600E6EDB9 /* Info.plist */,
				0378153C273E8B7600E6EDB9 /* Reminder.swift */,
				036D16B4273EA8E200534AE8 /* ReminderDetailViewController.swift */,
				036D16B6273ED02D00534AE8 /* ReminderListDataSource.swift */,
				036D16B8273ED20500534AE8 /* ReminderDetailViewDataSource.swift */,
				0305CC23273FE52C00890608 /* ReminderDetailEditDataSource.swift */,
			);
			path = Today;
			sourceTree = "<group>";
		};
/* End PBXGroup section */

/* Begin PBXNativeTarget section */
		03781524273E8A0400E6EDB9 /* Today */ = {
			isa = PBXNativeTarget;
			buildConfigurationList = 03781539273E8A0600E6EDB9 /* Build configuration list for PBXNativeTarget "Today" */;
			buildPhases = (
				03781521273E8A0400E6EDB9 /* Sources */,
				03781522273E8A0400E6EDB9 /* Frameworks */,
				03781523273E8A0400E6EDB9 /* Resources */,
			);
			buildRules = (
			);
			dependencies = (
			);
			name = Today;
			productName = Today;
			productReference = 03781525273E8A0400E6EDB9 /* Today.app */;
			productType = "com.apple.product-type.application";
		};
/* End PBXNativeTarget section */

/* Begin PBXProject section */
		0378151D273E8A0400E6EDB9 /* Project object */ = {
			isa = PBXProject;
			attributes = {
				BuildIndependentTargetsInParallel = 1;
				LastSwiftUpdateCheck = 1310;
				LastUpgradeCheck = 1310;
				TargetAttributes = {
					03781524273E8A0400E6EDB9 = {
						CreatedOnToolsVersion = 13.1;
					};
				};
			};
			buildConfigurationList = 03781520273E8A0400E6EDB9 /* Build configuration list for PBXProject "Today" */;
			compatibilityVersion = "Xcode 13.0";
			developmentRegion = en;
			hasScannedForEncodings = 0;
			knownRegions = (
				en,
				Base,
			);
			mainGroup = 0378151C273E8A0400E6EDB9;
			productRefGroup = 03781526273E8A0400E6EDB9 /* Products */;
			projectDirPath = "";
			projectRoot = "";
			targets = (
				03781524273E8A0400E6EDB9 /* Today */,
			);
		};
/* End PBXProject section */

/* Begin PBXResourcesBuildPhase section */
		03781523273E8A0400E6EDB9 /* Resources */ = {
			isa = PBXResourcesBuildPhase;
			buildActionMask = 2147483647;
			files = (
				03781535273E8A0600E6EDB9 /* LaunchScreen.storyboard in Resources */,
				03781532273E8A0600E6EDB9 /* Assets.xcassets in Resources */,
				03781530273E8A0400E6EDB9 /* Main.storyboard in Resources */,
			);
			runOnlyForDeploymentPostprocessing = 0;
		};
/* End PBXResourcesBuildPhase section */

/* Begin PBXSourcesBuildPhase section */
		03781521273E8A0400E6EDB9 /* Sources */ = {
			isa = PBXSourcesBuildPhase;
			buildActionMask = 2147483647;
			files = (
				0378152D273E8A0400E6EDB9 /* ReminderListViewController.swift in Sources */,
				0378153F273E971100E6EDB9 /* ReminderListCell.swift in Sources */,
				036D16BC273FDEC000534AE8 /* EditTitleCell.swift in Sources */,
				03781529273E8A0400E6EDB9 /* AppDelegate.swift in Sources */,
				036D16B5273EA8E200534AE8 /* ReminderDetailViewController.swift in Sources */,
				036D16B9273ED20500534AE8 /* ReminderDetailViewDataSource.swift in Sources */,
				0378152B273E8A0400E6EDB9 /* SceneDelegate.swift in Sources */,
				036D16C0273FE01C00534AE8 /* EditNotesCell.swift in Sources */,
				036D16BE273FDFDD00534AE8 /* EditDateCell.swift in Sources */,
				0378153D273E8B7600E6EDB9 /* Reminder.swift in Sources */,
				036D16B7273ED02D00534AE8 /* ReminderListDataSource.swift in Sources */,
				0305CC24273FE52C00890608 /* ReminderDetailEditDataSource.swift in Sources */,
			);
			runOnlyForDeploymentPostprocessing = 0;
		};
/* End PBXSourcesBuildPhase section */

/* Begin PBXVariantGroup section */
		0378152E273E8A0400E6EDB9 /* Main.storyboard */ = {
			isa = PBXVariantGroup;
			children = (
				0378152F273E8A0400E6EDB9 /* Base */,
			);
			name = Main.storyboard;
			sourceTree = "<group>";
		};
		03781533273E8A0600E6EDB9 /* LaunchScreen.storyboard */ = {
			isa = PBXVariantGroup;
			children = (
				03781534273E8A0600E6EDB9 /* Base */,
			);
			name = LaunchScreen.storyboard;
			sourceTree = "<group>";
		};
/* End PBXVariantGroup section */

/* Begin XCBuildConfiguration section */
		03781537273E8A0600E6EDB9 /* Debug */ = {
			isa = XCBuildConfiguration;
			buildSettings = {
				ALWAYS_SEARCH_USER_PATHS = NO;
				CLANG_ANALYZER_NONNULL = YES;
				CLANG_ANALYZER_NUMBER_OBJECT_CONVERSION = YES_AGGRESSIVE;
				CLANG_CXX_LANGUAGE_STANDARD = "gnu++17";
				CLANG_CXX_LIBRARY = "libc++";
				CLANG_ENABLE_MODULES = YES;
				CLANG_ENABLE_OBJC_ARC = YES;
				CLANG_ENABLE_OBJC_WEAK = YES;
				CLANG_WARN_BLOCK_CAPTURE_AUTORELEASING = YES;
				CLANG_WARN_BOOL_CONVERSION = YES;
				CLANG_WARN_COMMA = YES;
				CLANG_WARN_CONSTANT_CONVERSION = YES;
				CLANG_WARN_DEPRECATED_OBJC_IMPLEMENTATIONS = YES;
				CLANG_WARN_DIRECT_OBJC_ISA_USAGE = YES_ERROR;
				CLANG_WARN_DOCUMENTATION_COMMENTS = YES;
				CLANG_WARN_EMPTY_BODY = YES;
				CLANG_WARN_ENUM_CONVERSION = YES;
				CLANG_WARN_INFINITE_RECURSION = YES;
				CLANG_WARN_INT_CONVERSION = YES;
				CLANG_WARN_NON_LITERAL_NULL_CONVERSION = YES;
				CLANG_WARN_OBJC_IMPLICIT_RETAIN_SELF = YES;
				CLANG_WARN_OBJC_LITERAL_CONVERSION = YES;
				CLANG_WARN_OBJC_ROOT_CLASS = YES_ERROR;
				CLANG_WARN_QUOTED_INCLUDE_IN_FRAMEWORK_HEADER = YES;
				CLANG_WARN_RANGE_LOOP_ANALYSIS = YES;
				CLANG_WARN_STRICT_PROTOTYPES = YES;
				CLANG_WARN_SUSPICIOUS_MOVE = YES;
				CLANG_WARN_UNGUARDED_AVAILABILITY = YES_AGGRESSIVE;
				CLANG_WARN_UNREACHABLE_CODE = YES;
				CLANG_WARN__DUPLICATE_METHOD_MATCH = YES;
				COPY_PHASE_STRIP = NO;
				DEBUG_INFORMATION_FORMAT = dwarf;
				ENABLE_STRICT_OBJC_MSGSEND = YES;
				ENABLE_TESTABILITY = YES;
				GCC_C_LANGUAGE_STANDARD = gnu11;
				GCC_DYNAMIC_NO_PIC = NO;
				GCC_NO_COMMON_BLOCKS = YES;
				GCC_OPTIMIZATION_LEVEL = 0;
				GCC_PREPROCESSOR_DEFINITIONS = (
					"DEBUG=1",
					"$(inherited)",
				);
				GCC_WARN_64_TO_32_BIT_CONVERSION = YES;
				GCC_WARN_ABOUT_RETURN_TYPE = YES_ERROR;
				GCC_WARN_UNDECLARED_SELECTOR = YES;
				GCC_WARN_UNINITIALIZED_AUTOS = YES_AGGRESSIVE;
				GCC_WARN_UNUSED_FUNCTION = YES;
				GCC_WARN_UNUSED_VARIABLE = YES;
				IPHONEOS_DEPLOYMENT_TARGET = 15.0;
				MTL_ENABLE_DEBUG_INFO = INCLUDE_SOURCE;
				MTL_FAST_MATH = YES;
				ONLY_ACTIVE_ARCH = YES;
				SDKROOT = iphoneos;
				SWIFT_ACTIVE_COMPILATION_CONDITIONS = DEBUG;
				SWIFT_OPTIMIZATION_LEVEL = "-Onone";
			};
			name = Debug;
		};
		03781538273E8A0600E6EDB9 /* Release */ = {
			isa = XCBuildConfiguration;
			buildSettings = {
				ALWAYS_SEARCH_USER_PATHS = NO;
				CLANG_ANALYZER_NONNULL = YES;
				CLANG_ANALYZER_NUMBER_OBJECT_CONVERSION = YES_AGGRESSIVE;
				CLANG_CXX_LANGUAGE_STANDARD = "gnu++17";
				CLANG_CXX_LIBRARY = "libc++";
				CLANG_ENABLE_MODULES = YES;
				CLANG_ENABLE_OBJC_ARC = YES;
				CLANG_ENABLE_OBJC_WEAK = YES;
				CLANG_WARN_BLOCK_CAPTURE_AUTORELEASING = YES;
				CLANG_WARN_BOOL_CONVERSION = YES;
				CLANG_WARN_COMMA = YES;
				CLANG_WARN_CONSTANT_CONVERSION = YES;
				CLANG_WARN_DEPRECATED_OBJC_IMPLEMENTATIONS = YES;
				CLANG_WARN_DIRECT_OBJC_ISA_USAGE = YES_ERROR;
				CLANG_WARN_DOCUMENTATION_COMMENTS = YES;
				CLANG_WARN_EMPTY_BODY = YES;
				CLANG_WARN_ENUM_CONVERSION = YES;
				CLANG_WARN_INFINITE_RECURSION = YES;
				CLANG_WARN_INT_CONVERSION = YES;
				CLANG_WARN_NON_LITERAL_NULL_CONVERSION = YES;
				CLANG_WARN_OBJC_IMPLICIT_RETAIN_SELF = YES;
				CLANG_WARN_OBJC_LITERAL_CONVERSION = YES;
				CLANG_WARN_OBJC_ROOT_CLASS = YES_ERROR;
				CLANG_WARN_QUOTED_INCLUDE_IN_FRAMEWORK_HEADER = YES;
				CLANG_WARN_RANGE_LOOP_ANALYSIS = YES;
				CLANG_WARN_STRICT_PROTOTYPES = YES;
				CLANG_WARN_SUSPICIOUS_MOVE = YES;
				CLANG_WARN_UNGUARDED_AVAILABILITY = YES_AGGRESSIVE;
				CLANG_WARN_UNREACHABLE_CODE = YES;
				CLANG_WARN__DUPLICATE_METHOD_MATCH = YES;
				COPY_PHASE_STRIP = NO;
				DEBUG_INFORMATION_FORMAT = "dwarf-with-dsym";
				ENABLE_NS_ASSERTIONS = NO;
				ENABLE_STRICT_OBJC_MSGSEND = YES;
				GCC_C_LANGUAGE_STANDARD = gnu11;
				GCC_NO_COMMON_BLOCKS = YES;
				GCC_WARN_64_TO_32_BIT_CONVERSION = YES;
				GCC_WARN_ABOUT_RETURN_TYPE = YES_ERROR;
				GCC_WARN_UNDECLARED_SELECTOR = YES;
				GCC_WARN_UNINITIALIZED_AUTOS = YES_AGGRESSIVE;
				GCC_WARN_UNUSED_FUNCTION = YES;
				GCC_WARN_UNUSED_VARIABLE = YES;
				IPHONEOS_DEPLOYMENT_TARGET = 15.0;
				MTL_ENABLE_DEBUG_INFO = NO;
				MTL_FAST_MATH = YES;
				SDKROOT = iphoneos;
				SWIFT_COMPILATION_MODE = wholemodule;
				SWIFT_OPTIMIZATION_LEVEL = "-O";
				VALIDATE_PRODUCT = YES;
			};
			name = Release;
		};
		0378153A273E8A0600E6EDB9 /* Debug */ = {
			isa = XCBuildConfiguration;
			buildSettings = {
				ASSETCATALOG_COMPILER_APPICON_NAME = AppIcon;
				ASSETCATALOG_COMPILER_GLOBAL_ACCENT_COLOR_NAME = AccentColor;
				CODE_SIGN_STYLE = Automatic;
				CURRENT_PROJECT_VERSION = 1;
				DEVELOPMENT_TEAM = NSX7GVU7TP;
				GENERATE_INFOPLIST_FILE = YES;
				INFOPLIST_FILE = Today/Info.plist;
				INFOPLIST_KEY_UIApplicationSupportsIndirectInputEvents = YES;
				INFOPLIST_KEY_UILaunchStoryboardName = LaunchScreen;
				INFOPLIST_KEY_UIMainStoryboardFile = Main;
				INFOPLIST_KEY_UISupportedInterfaceOrientations_iPad = "UIInterfaceOrientationPortrait UIInterfaceOrientationPortraitUpsideDown UIInterfaceOrientationLandscapeLeft UIInterfaceOrientationLandscapeRight";
				INFOPLIST_KEY_UISupportedInterfaceOrientations_iPhone = "UIInterfaceOrientationPortrait UIInterfaceOrientationLandscapeLeft UIInterfaceOrientationLandscapeRight";
				LD_RUNPATH_SEARCH_PATHS = (
					"$(inherited)",
					"@executable_path/Frameworks",
				);
				MARKETING_VERSION = 1.0;
				PRODUCT_BUNDLE_IDENTIFIER = com.ttgantitg.Today;
				PRODUCT_NAME = "$(TARGET_NAME)";
				SWIFT_EMIT_LOC_STRINGS = YES;
				SWIFT_VERSION = 5.0;
				TARGETED_DEVICE_FAMILY = "1,2";
			};
			name = Debug;
		};
		0378153B273E8A0600E6EDB9 /* Release */ = {
			isa = XCBuildConfiguration;
			buildSettings = {
				ASSETCATALOG_COMPILER_APPICON_NAME = AppIcon;
				ASSETCATALOG_COMPILER_GLOBAL_ACCENT_COLOR_NAME = AccentColor;
				CODE_SIGN_STYLE = Automatic;
				CURRENT_PROJECT_VERSION = 1;
				DEVELOPMENT_TEAM = NSX7GVU7TP;
				GENERATE_INFOPLIST_FILE = YES;
				INFOPLIST_FILE = Today/Info.plist;
				INFOPLIST_KEY_UIApplicationSupportsIndirectInputEvents = YES;
				INFOPLIST_KEY_UILaunchStoryboardName = LaunchScreen;
				INFOPLIST_KEY_UIMainStoryboardFile = Main;
				INFOPLIST_KEY_UISupportedInterfaceOrientations_iPad = "UIInterfaceOrientationPortrait UIInterfaceOrientationPortraitUpsideDown UIInterfaceOrientationLandscapeLeft UIInterfaceOrientationLandscapeRight";
				INFOPLIST_KEY_UISupportedInterfaceOrientations_iPhone = "UIInterfaceOrientationPortrait UIInterfaceOrientationLandscapeLeft UIInterfaceOrientationLandscapeRight";
				LD_RUNPATH_SEARCH_PATHS = (
					"$(inherited)",
					"@executable_path/Frameworks",
				);
				MARKETING_VERSION = 1.0;
				PRODUCT_BUNDLE_IDENTIFIER = com.ttgantitg.Today;
				PRODUCT_NAME = "$(TARGET_NAME)";
				SWIFT_EMIT_LOC_STRINGS = YES;
				SWIFT_VERSION = 5.0;
				TARGETED_DEVICE_FAMILY = "1,2";
			};
			name = Release;
		};
/* End XCBuildConfiguration section */

/* Begin XCConfigurationList section */
		03781520273E8A0400E6EDB9 /* Build configuration list for PBXProject "Today" */ = {
			isa = XCConfigurationList;
			buildConfigurations = (
				03781537273E8A0600E6EDB9 /* Debug */,
				03781538273E8A0600E6EDB9 /* Release */,
			);
			defaultConfigurationIsVisible = 0;
			defaultConfigurationName = Release;
		};
		03781539273E8A0600E6EDB9 /* Build configuration list for PBXNativeTarget "Today" */ = {
			isa = XCConfigurationList;
			buildConfigurations = (
				0378153A273E8A0600E6EDB9 /* Debug */,
				0378153B273E8A0600E6EDB9 /* Release */,
			);
			defaultConfigurationIsVisible = 0;
			defaultConfigurationName = Release;
		};
/* End XCConfigurationList section */
	};
	rootObject = 0378151D273E8A0400E6EDB9 /* Project object */;
}
